
Microsoft Visual Studio Solution File, Format Version 12.00
# Visual Studio 2013
VisualStudioVersion = 12.0.21005.1
MinimumVisualStudioVersion = 10.0.40219.1
Project("{FAE04EC0-301F-11D3-BF4B-00C04F79EFBC}") = "PLM.webApp", "myPLMwebApp\PLM.webApp.csproj", "{7157E39F-4290-46CE-8FF9-3A8862341AB1}"
EndProject
Project("{FAE04EC0-301F-11D3-BF4B-00C04F79EFBC}") = "PLM.webApp.Tests", "myPLMwebApp.Tests\PLM.webApp.Tests.csproj", "{C9C7DA20-72D1-47C7-8296-D45A917E130C}"
EndProject
Project("{FAE04EC0-301F-11D3-BF4B-00C04F79EFBC}") = "PLM.DataService", "PLM.DataServices\PLM.DataService.csproj", "{C3D93F80-B06A-43A8-9C61-68EAB2182202}"
EndProject
Project("{FAE04EC0-301F-11D3-BF4B-00C04F79EFBC}") = "PLM.Data", "PLM.Data\PLM.Data.csproj", "{04E71D7A-AC78-41F4-9C97-C7138AB9DD42}"
EndProject
Project("{FAE04EC0-301F-11D3-BF4B-00C04F79EFBC}") = "PLM.Repository", "PLM.Repository\PLM.Repository.csproj", "{103ED002-B4F6-436B-A902-C6A2B91D1763}"
EndProject
Project("{FAE04EC0-301F-11D3-BF4B-00C04F79EFBC}") = "PLM.DataContract", "PLM.DataContract\PLM.DataContract.csproj", "{6FB8EAAC-BB4F-4EF6-A471-D37C3ED13FA9}"
EndProject
Project("{FAE04EC0-301F-11D3-BF4B-00C04F79EFBC}") = "PLM.Domain", "PLM.Domain\PLM.Domain.csproj", "{600F6AFF-F6EE-4C90-B20C-52648D79B882}"
EndProject
Global
	GlobalSection(SolutionConfigurationPlatforms) = preSolution
		Debug|Any CPU = Debug|Any CPU
		Release|Any CPU = Release|Any CPU
	EndGlobalSection
	GlobalSection(ProjectConfigurationPlatforms) = postSolution
		{7157E39F-4290-46CE-8FF9-3A8862341AB1}.Debug|Any CPU.ActiveCfg = Debug|Any CPU
		{7157E39F-4290-46CE-8FF9-3A8862341AB1}.Debug|Any CPU.Build.0 = Debug|Any CPU
		{7157E39F-4290-46CE-8FF9-3A8862341AB1}.Release|Any CPU.ActiveCfg = Release|Any CPU
		{7157E39F-4290-46CE-8FF9-3A8862341AB1}.Release|Any CPU.Build.0 = Release|Any CPU
		{C9C7DA20-72D1-47C7-8296-D45A917E130C}.Debug|Any CPU.ActiveCfg = Debug|Any CPU
		{C9C7DA20-72D1-47C7-8296-D45A917E130C}.Debug|Any CPU.Build.0 = Debug|Any CPU
		{C9C7DA20-72D1-47C7-8296-D45A917E130C}.Release|Any CPU.ActiveCfg = Release|Any CPU
		{C9C7DA20-72D1-47C7-8296-D45A917E130C}.Release|Any CPU.Build.0 = Release|Any CPU
		{C3D93F80-B06A-43A8-9C61-68EAB2182202}.Debug|Any CPU.ActiveCfg = Debug|Any CPU
		{C3D93F80-B06A-43A8-9C61-68EAB2182202}.Debug|Any CPU.Build.0 = Debug|Any CPU
		{C3D93F80-B06A-43A8-9C61-68EAB2182202}.Release|Any CPU.ActiveCfg = Release|Any CPU
		{C3D93F80-B06A-43A8-9C61-68EAB2182202}.Release|Any CPU.Build.0 = Release|Any CPU
		{04E71D7A-AC78-41F4-9C97-C7138AB9DD42}.Debug|Any CPU.ActiveCfg = Debug|Any CPU
		{04E71D7A-AC78-41F4-9C97-C7138AB9DD42}.Debug|Any CPU.Build.0 = Debug|Any CPU
		{04E71D7A-AC78-41F4-9C97-C7138AB9DD42}.Release|Any CPU.ActiveCfg = Release|Any CPU
		{04E71D7A-AC78-41F4-9C97-C7138AB9DD42}.Release|Any CPU.Build.0 = Release|Any CPU
		{103ED002-B4F6-436B-A902-C6A2B91D1763}.Debug|Any CPU.ActiveCfg = Debug|Any CPU
		{103ED002-B4F6-436B-A902-C6A2B91D1763}.Debug|Any CPU.Build.0 = Debug|Any CPU
		{103ED002-B4F6-436B-A902-C6A2B91D1763}.Release|Any CPU.ActiveCfg = Release|Any CPU
		{103ED002-B4F6-436B-A902-C6A2B91D1763}.Release|Any CPU.Build.0 = Release|Any CPU
		{6FB8EAAC-BB4F-4EF6-A471-D37C3ED13FA9}.Debug|Any CPU.ActiveCfg = Debug|Any CPU
		{6FB8EAAC-BB4F-4EF6-A471-D37C3ED13FA9}.Debug|Any CPU.Build.0 = Debug|Any CPU
		{6FB8EAAC-BB4F-4EF6-A471-D37C3ED13FA9}.Release|Any CPU.ActiveCfg = Release|Any CPU
		{6FB8EAAC-BB4F-4EF6-A471-D37C3ED13FA9}.Release|Any CPU.Build.0 = Release|Any CPU
		{600F6AFF-F6EE-4C90-B20C-52648D79B882}.Debug|Any CPU.ActiveCfg = Debug|Any CPU
		{600F6AFF-F6EE-4C90-B20C-52648D79B882}.Debug|Any CPU.Build.0 = Debug|Any CPU
		{600F6AFF-F6EE-4C90-B20C-52648D79B882}.Release|Any CPU.ActiveCfg = Release|Any CPU
		{600F6AFF-F6EE-4C90-B20C-52648D79B882}.Release|Any CPU.Build.0 = Release|Any CPU
	EndGlobalSection
	GlobalSection(SolutionProperties) = preSolution
		HideSolutionNode = FALSE
	EndGlobalSection
EndGlobal
